// !$*UTF8*$!
{
	archiveVersion = 1;
	classes = {
	};
	objectVersion = 46;
	objects = {

/* Begin PBXBuildFile section */
		AA0D3D681EA033B700FB7EBD /* Error.swift in Sources */ = {isa = PBXBuildFile; fileRef = AA0D3D671EA033B700FB7EBD /* Error.swift */; };
		AA0D3D6A1EA039FD00FB7EBD /* Collection.swift in Sources */ = {isa = PBXBuildFile; fileRef = AA0D3D691EA039FD00FB7EBD /* Collection.swift */; };
		AA111F74225AB2AA00F3A9BB /* ProcessInfo.swift in Sources */ = {isa = PBXBuildFile; fileRef = AA111F73225AB2AA00F3A9BB /* ProcessInfo.swift */; };
		AA1F4CB0268B364A00E196E1 /* URLResponse.swift in Sources */ = {isa = PBXBuildFile; fileRef = AA1F4CAF268B364A00E196E1 /* URLResponse.swift */; };
		AA2563C61E57639E0037CBED /* String.swift in Sources */ = {isa = PBXBuildFile; fileRef = AABBD9A71E5761D000AE5B46 /* String.swift */; };
		AA2565A51E57AA7C0037CBED /* CommandLine.swift in Sources */ = {isa = PBXBuildFile; fileRef = AA2565A41E57AA7C0037CBED /* CommandLine.swift */; };
		AA4088DC259DD3E700C3C4E1 /* Thread.swift in Sources */ = {isa = PBXBuildFile; fileRef = AA452386250787BE00A5B986 /* Thread.swift */; };
		AA4088DD259DD3E700C3C4E1 /* NSItemProvider.swift in Sources */ = {isa = PBXBuildFile; fileRef = AAFA3E6324681E6B00F90BF7 /* NSItemProvider.swift */; };
		AA4088DE259DD3E700C3C4E1 /* CaseIterable.swift in Sources */ = {isa = PBXBuildFile; fileRef = AA451704245B5446008B79BC /* CaseIterable.swift */; };
		AA4088DF259DD3E700C3C4E1 /* TimeZone.swift in Sources */ = {isa = PBXBuildFile; fileRef = AA75EF53245C9BE0003B1B79 /* TimeZone.swift */; };
		AA408918259DD4A300C3C4E1 /* NSAppleScript.swift in Sources */ = {isa = PBXBuildFile; fileRef = AA87BE7021D03D1600EF404A /* NSAppleScript.swift */; };
		AA408919259DD4A300C3C4E1 /* URL.swift in Sources */ = {isa = PBXBuildFile; fileRef = AAB638781EBBDD28008365EB /* URL.swift */; };
		AA40891A259DD4A300C3C4E1 /* Collection.swift in Sources */ = {isa = PBXBuildFile; fileRef = AA0D3D691EA039FD00FB7EBD /* Collection.swift */; };
		AA40891B259DD4A300C3C4E1 /* FloatingPoint.swift in Sources */ = {isa = PBXBuildFile; fileRef = AAC333402449067200A0164D /* FloatingPoint.swift */; };
		AA40891C259DD4A300C3C4E1 /* ProcessInfo.swift in Sources */ = {isa = PBXBuildFile; fileRef = AA111F73225AB2AA00F3A9BB /* ProcessInfo.swift */; };
		AA40891D259DD4A300C3C4E1 /* Date.swift in Sources */ = {isa = PBXBuildFile; fileRef = AA6D9AF72342AB3C007A676D /* Date.swift */; };
		AA40891E259DD4A300C3C4E1 /* Data+Hex.swift in Sources */ = {isa = PBXBuildFile; fileRef = AAED33872449F28800C82F4B /* Data+Hex.swift */; };
		AA40891F259DD4A300C3C4E1 /* Bundle.swift in Sources */ = {isa = PBXBuildFile; fileRef = AA4E843C2138505400E6DCFC /* Bundle.swift */; };
		AA408920259DD4A300C3C4E1 /* CommandLine.swift in Sources */ = {isa = PBXBuildFile; fileRef = AA2565A41E57AA7C0037CBED /* CommandLine.swift */; };
		AA408921259DD4A300C3C4E1 /* UUID.swift in Sources */ = {isa = PBXBuildFile; fileRef = AA72432121812A6600084F58 /* UUID.swift */; };
		AA408922259DD4A300C3C4E1 /* String.swift in Sources */ = {isa = PBXBuildFile; fileRef = AABBD9A71E5761D000AE5B46 /* String.swift */; };
		AA408923259DD4A300C3C4E1 /* NSItemProvider.swift in Sources */ = {isa = PBXBuildFile; fileRef = AAFA3E6324681E6B00F90BF7 /* NSItemProvider.swift */; };
		AA408924259DD4A300C3C4E1 /* Process.swift in Sources */ = {isa = PBXBuildFile; fileRef = AA640564207195EE00F17D45 /* Process.swift */; };
		AA408925259DD4A300C3C4E1 /* TimeZone.swift in Sources */ = {isa = PBXBuildFile; fileRef = AA75EF53245C9BE0003B1B79 /* TimeZone.swift */; };
		AA408926259DD4A300C3C4E1 /* Double.swift in Sources */ = {isa = PBXBuildFile; fileRef = AAEF0C141E757A3500CF4C6A /* Double.swift */; };
		AA408927259DD4A300C3C4E1 /* BinaryInteger.swift in Sources */ = {isa = PBXBuildFile; fileRef = AAC333422449073200A0164D /* BinaryInteger.swift */; };
		AA408928259DD4A300C3C4E1 /* Dictionary.swift in Sources */ = {isa = PBXBuildFile; fileRef = AAF8C58022AEE61E00FDA6B0 /* Dictionary.swift */; };
		AA408929259DD4A300C3C4E1 /* MeasurementFormatter.swift in Sources */ = {isa = PBXBuildFile; fileRef = AAA03AB11EBD23200005BF72 /* MeasurementFormatter.swift */; };
		AA40892A259DD4A300C3C4E1 /* CaseIterable.swift in Sources */ = {isa = PBXBuildFile; fileRef = AA451704245B5446008B79BC /* CaseIterable.swift */; };
		AA40892B259DD4A300C3C4E1 /* Data.swift in Sources */ = {isa = PBXBuildFile; fileRef = AABFE0BC1F9A494200F1C1B2 /* Data.swift */; };
		AA40892C259DD4A300C3C4E1 /* Thread.swift in Sources */ = {isa = PBXBuildFile; fileRef = AA452386250787BE00A5B986 /* Thread.swift */; };
		AA40892D259DD4A300C3C4E1 /* FileManager.swift in Sources */ = {isa = PBXBuildFile; fileRef = AA4F54CC1ED8BCD7000C1333 /* FileManager.swift */; };
		AA40892E259DD4A300C3C4E1 /* UserDefaults.swift in Sources */ = {isa = PBXBuildFile; fileRef = AA4F54791ED8A06D000C1333 /* UserDefaults.swift */; };
		AA40892F259DD4A300C3C4E1 /* RunLoop.swift in Sources */ = {isa = PBXBuildFile; fileRef = AA72A227241319170076E287 /* RunLoop.swift */; };
		AA408930259DD4A300C3C4E1 /* Error.swift in Sources */ = {isa = PBXBuildFile; fileRef = AA0D3D671EA033B700FB7EBD /* Error.swift */; };
		AA441EB2260A027C008D3328 /* UnitTemperature.swift in Sources */ = {isa = PBXBuildFile; fileRef = AA441EB1260A027C008D3328 /* UnitTemperature.swift */; };
		AA441EB3260A027C008D3328 /* UnitTemperature.swift in Sources */ = {isa = PBXBuildFile; fileRef = AA441EB1260A027C008D3328 /* UnitTemperature.swift */; };
		AA441EB4260A027C008D3328 /* UnitTemperature.swift in Sources */ = {isa = PBXBuildFile; fileRef = AA441EB1260A027C008D3328 /* UnitTemperature.swift */; };
		AA441EC1260A028E008D3328 /* UnitConverterReciprocal.swift in Sources */ = {isa = PBXBuildFile; fileRef = AA441EC0260A028E008D3328 /* UnitConverterReciprocal.swift */; };
		AA441EC2260A028E008D3328 /* UnitConverterReciprocal.swift in Sources */ = {isa = PBXBuildFile; fileRef = AA441EC0260A028E008D3328 /* UnitConverterReciprocal.swift */; };
		AA441EC3260A028E008D3328 /* UnitConverterReciprocal.swift in Sources */ = {isa = PBXBuildFile; fileRef = AA441EC0260A028E008D3328 /* UnitConverterReciprocal.swift */; };
		AA451705245B5446008B79BC /* CaseIterable.swift in Sources */ = {isa = PBXBuildFile; fileRef = AA451704245B5446008B79BC /* CaseIterable.swift */; };
		AA452387250787BE00A5B986 /* Thread.swift in Sources */ = {isa = PBXBuildFile; fileRef = AA452386250787BE00A5B986 /* Thread.swift */; };
		AA4E843D2138505400E6DCFC /* Bundle.swift in Sources */ = {isa = PBXBuildFile; fileRef = AA4E843C2138505400E6DCFC /* Bundle.swift */; };
		AA4F547A1ED8A06D000C1333 /* UserDefaults.swift in Sources */ = {isa = PBXBuildFile; fileRef = AA4F54791ED8A06D000C1333 /* UserDefaults.swift */; };
		AA4F54CD1ED8BCD7000C1333 /* FileManager.swift in Sources */ = {isa = PBXBuildFile; fileRef = AA4F54CC1ED8BCD7000C1333 /* FileManager.swift */; };
		AA50783F25A3346300B5A2EB /* DispatchSemaphore.swift in Sources */ = {isa = PBXBuildFile; fileRef = AA50783E25A3346300B5A2EB /* DispatchSemaphore.swift */; };
		AA50784A25A3346B00B5A2EB /* DispatchSemaphore.swift in Sources */ = {isa = PBXBuildFile; fileRef = AA50783E25A3346300B5A2EB /* DispatchSemaphore.swift */; };
		AA50784E25A3346C00B5A2EB /* DispatchSemaphore.swift in Sources */ = {isa = PBXBuildFile; fileRef = AA50783E25A3346300B5A2EB /* DispatchSemaphore.swift */; };
		AA640565207195EE00F17D45 /* Process.swift in Sources */ = {isa = PBXBuildFile; fileRef = AA640564207195EE00F17D45 /* Process.swift */; };
		AA6D9AF82342AB3C007A676D /* Date.swift in Sources */ = {isa = PBXBuildFile; fileRef = AA6D9AF72342AB3C007A676D /* Date.swift */; };
		AA72432221812A6600084F58 /* UUID.swift in Sources */ = {isa = PBXBuildFile; fileRef = AA72432121812A6600084F58 /* UUID.swift */; };
		AA72A228241319170076E287 /* RunLoop.swift in Sources */ = {isa = PBXBuildFile; fileRef = AA72A227241319170076E287 /* RunLoop.swift */; };
		AA75EF54245C9BE0003B1B79 /* TimeZone.swift in Sources */ = {isa = PBXBuildFile; fileRef = AA75EF53245C9BE0003B1B79 /* TimeZone.swift */; };
		AA87BE7121D03DB800EF404A /* NSAppleScript.swift in Sources */ = {isa = PBXBuildFile; fileRef = AA87BE7021D03D1600EF404A /* NSAppleScript.swift */; };
		AAA03AB21EBD23200005BF72 /* MeasurementFormatter.swift in Sources */ = {isa = PBXBuildFile; fileRef = AAA03AB11EBD23200005BF72 /* MeasurementFormatter.swift */; };
		AAB638791EBBDD28008365EB /* URL.swift in Sources */ = {isa = PBXBuildFile; fileRef = AAB638781EBBDD28008365EB /* URL.swift */; };
		AABE807725AA056300388E6B /* KeyPath.swift in Sources */ = {isa = PBXBuildFile; fileRef = AABE807625AA056300388E6B /* KeyPath.swift */; };
		AABE807B25AA058000388E6B /* KeyPath.swift in Sources */ = {isa = PBXBuildFile; fileRef = AABE807625AA056300388E6B /* KeyPath.swift */; };
		AABE807F25AA058100388E6B /* KeyPath.swift in Sources */ = {isa = PBXBuildFile; fileRef = AABE807625AA056300388E6B /* KeyPath.swift */; };
		AABFE0BD1F9A494200F1C1B2 /* Data.swift in Sources */ = {isa = PBXBuildFile; fileRef = AABFE0BC1F9A494200F1C1B2 /* Data.swift */; };
		AAC333412449067200A0164D /* FloatingPoint.swift in Sources */ = {isa = PBXBuildFile; fileRef = AAC333402449067200A0164D /* FloatingPoint.swift */; };
		AAC333432449073200A0164D /* BinaryInteger.swift in Sources */ = {isa = PBXBuildFile; fileRef = AAC333422449073200A0164D /* BinaryInteger.swift */; };
		AAED33882449F28800C82F4B /* Data+Hex.swift in Sources */ = {isa = PBXBuildFile; fileRef = AAED33872449F28800C82F4B /* Data+Hex.swift */; };
		AAEF0C151E757A3500CF4C6A /* Double.swift in Sources */ = {isa = PBXBuildFile; fileRef = AAEF0C141E757A3500CF4C6A /* Double.swift */; };
		AAF42AEC244D1532008F2603 /* Bundle.swift in Sources */ = {isa = PBXBuildFile; fileRef = AA4E843C2138505400E6DCFC /* Bundle.swift */; };
		AAF42AED244D1532008F2603 /* Date.swift in Sources */ = {isa = PBXBuildFile; fileRef = AA6D9AF72342AB3C007A676D /* Date.swift */; };
		AAF42AEE244D1532008F2603 /* String.swift in Sources */ = {isa = PBXBuildFile; fileRef = AABBD9A71E5761D000AE5B46 /* String.swift */; };
		AAF42AEF244D1532008F2603 /* URL.swift in Sources */ = {isa = PBXBuildFile; fileRef = AAB638781EBBDD28008365EB /* URL.swift */; };
		AAF42AF0244D1532008F2603 /* Dictionary.swift in Sources */ = {isa = PBXBuildFile; fileRef = AAF8C58022AEE61E00FDA6B0 /* Dictionary.swift */; };
		AAF42AF1244D1532008F2603 /* Double.swift in Sources */ = {isa = PBXBuildFile; fileRef = AAEF0C141E757A3500CF4C6A /* Double.swift */; };
		AAF42AF2244D1532008F2603 /* Error.swift in Sources */ = {isa = PBXBuildFile; fileRef = AA0D3D671EA033B700FB7EBD /* Error.swift */; };
		AAF42AF3244D1532008F2603 /* Collection.swift in Sources */ = {isa = PBXBuildFile; fileRef = AA0D3D691EA039FD00FB7EBD /* Collection.swift */; };
		AAF42AF4244D1532008F2603 /* Data.swift in Sources */ = {isa = PBXBuildFile; fileRef = AABFE0BC1F9A494200F1C1B2 /* Data.swift */; };
		AAF42AF5244D1532008F2603 /* Data+Hex.swift in Sources */ = {isa = PBXBuildFile; fileRef = AAED33872449F28800C82F4B /* Data+Hex.swift */; };
		AAF42AF6244D1532008F2603 /* UserDefaults.swift in Sources */ = {isa = PBXBuildFile; fileRef = AA4F54791ED8A06D000C1333 /* UserDefaults.swift */; };
		AAF42AF7244D1532008F2603 /* FileManager.swift in Sources */ = {isa = PBXBuildFile; fileRef = AA4F54CC1ED8BCD7000C1333 /* FileManager.swift */; };
		AAF42AF8244D1532008F2603 /* Process.swift in Sources */ = {isa = PBXBuildFile; fileRef = AA640564207195EE00F17D45 /* Process.swift */; };
		AAF42AF9244D1532008F2603 /* ProcessInfo.swift in Sources */ = {isa = PBXBuildFile; fileRef = AA111F73225AB2AA00F3A9BB /* ProcessInfo.swift */; };
		AAF42AFA244D1532008F2603 /* CommandLine.swift in Sources */ = {isa = PBXBuildFile; fileRef = AA2565A41E57AA7C0037CBED /* CommandLine.swift */; };
		AAF42AFB244D1532008F2603 /* MeasurementFormatter.swift in Sources */ = {isa = PBXBuildFile; fileRef = AAA03AB11EBD23200005BF72 /* MeasurementFormatter.swift */; };
		AAF42AFC244D1532008F2603 /* UUID.swift in Sources */ = {isa = PBXBuildFile; fileRef = AA72432121812A6600084F58 /* UUID.swift */; };
		AAF42AFE244D1532008F2603 /* RunLoop.swift in Sources */ = {isa = PBXBuildFile; fileRef = AA72A227241319170076E287 /* RunLoop.swift */; };
		AAF42AFF244D1532008F2603 /* NSAppleScript.swift in Sources */ = {isa = PBXBuildFile; fileRef = AA87BE7021D03D1600EF404A /* NSAppleScript.swift */; };
		AAF42B00244D1532008F2603 /* FloatingPoint.swift in Sources */ = {isa = PBXBuildFile; fileRef = AAC333402449067200A0164D /* FloatingPoint.swift */; };
		AAF42B01244D1532008F2603 /* BinaryInteger.swift in Sources */ = {isa = PBXBuildFile; fileRef = AAC333422449073200A0164D /* BinaryInteger.swift */; };
		AAF8C58122AEE61E00FDA6B0 /* Dictionary.swift in Sources */ = {isa = PBXBuildFile; fileRef = AAF8C58022AEE61E00FDA6B0 /* Dictionary.swift */; };
		AAFA3E6424681E6B00F90BF7 /* NSItemProvider.swift in Sources */ = {isa = PBXBuildFile; fileRef = AAFA3E6324681E6B00F90BF7 /* NSItemProvider.swift */; };
/* End PBXBuildFile section */

/* Begin PBXFileReference section */
		AA0D3D671EA033B700FB7EBD /* Error.swift */ = {isa = PBXFileReference; fileEncoding = 4; lastKnownFileType = sourcecode.swift; path = Error.swift; sourceTree = "<group>"; };
		AA0D3D691EA039FD00FB7EBD /* Collection.swift */ = {isa = PBXFileReference; fileEncoding = 4; lastKnownFileType = sourcecode.swift; path = Collection.swift; sourceTree = "<group>"; };
		AA111F73225AB2AA00F3A9BB /* ProcessInfo.swift */ = {isa = PBXFileReference; lastKnownFileType = sourcecode.swift; path = ProcessInfo.swift; sourceTree = "<group>"; };
		AA1F4CAF268B364A00E196E1 /* URLResponse.swift */ = {isa = PBXFileReference; lastKnownFileType = sourcecode.swift; path = URLResponse.swift; sourceTree = "<group>"; };
		AA2563CF1E57639E0037CBED /* FoundationKit.framework */ = {isa = PBXFileReference; explicitFileType = wrapper.framework; includeInIndex = 0; path = FoundationKit.framework; sourceTree = BUILT_PRODUCTS_DIR; };
		AA2565A41E57AA7C0037CBED /* CommandLine.swift */ = {isa = PBXFileReference; fileEncoding = 4; lastKnownFileType = sourcecode.swift; path = CommandLine.swift; sourceTree = "<group>"; };
		AA408901259DD45B00C3C4E1 /* FoundationKitMac.framework */ = {isa = PBXFileReference; explicitFileType = wrapper.framework; includeInIndex = 0; path = FoundationKitMac.framework; sourceTree = BUILT_PRODUCTS_DIR; };
		AA441EB1260A027C008D3328 /* UnitTemperature.swift */ = {isa = PBXFileReference; fileEncoding = 4; lastKnownFileType = sourcecode.swift; path = UnitTemperature.swift; sourceTree = "<group>"; };
		AA441EC0260A028E008D3328 /* UnitConverterReciprocal.swift */ = {isa = PBXFileReference; lastKnownFileType = sourcecode.swift; path = UnitConverterReciprocal.swift; sourceTree = "<group>"; };
		AA451704245B5446008B79BC /* CaseIterable.swift */ = {isa = PBXFileReference; lastKnownFileType = sourcecode.swift; path = CaseIterable.swift; sourceTree = "<group>"; };
		AA452386250787BE00A5B986 /* Thread.swift */ = {isa = PBXFileReference; lastKnownFileType = sourcecode.swift; path = Thread.swift; sourceTree = "<group>"; };
		AA4E843C2138505400E6DCFC /* Bundle.swift */ = {isa = PBXFileReference; lastKnownFileType = sourcecode.swift; path = Bundle.swift; sourceTree = "<group>"; };
		AA4F54791ED8A06D000C1333 /* UserDefaults.swift */ = {isa = PBXFileReference; fileEncoding = 4; lastKnownFileType = sourcecode.swift; path = UserDefaults.swift; sourceTree = "<group>"; };
		AA4F54CC1ED8BCD7000C1333 /* FileManager.swift */ = {isa = PBXFileReference; fileEncoding = 4; lastKnownFileType = sourcecode.swift; path = FileManager.swift; sourceTree = "<group>"; };
		AA50783E25A3346300B5A2EB /* DispatchSemaphore.swift */ = {isa = PBXFileReference; lastKnownFileType = sourcecode.swift; path = DispatchSemaphore.swift; sourceTree = "<group>"; };
		AA640564207195EE00F17D45 /* Process.swift */ = {isa = PBXFileReference; lastKnownFileType = sourcecode.swift; path = Process.swift; sourceTree = "<group>"; };
		AA6D9AF72342AB3C007A676D /* Date.swift */ = {isa = PBXFileReference; lastKnownFileType = sourcecode.swift; path = Date.swift; sourceTree = "<group>"; };
		AA72432121812A6600084F58 /* UUID.swift */ = {isa = PBXFileReference; lastKnownFileType = sourcecode.swift; path = UUID.swift; sourceTree = "<group>"; };
		AA72A227241319170076E287 /* RunLoop.swift */ = {isa = PBXFileReference; fileEncoding = 4; lastKnownFileType = sourcecode.swift; path = RunLoop.swift; sourceTree = "<group>"; };
		AA75EF53245C9BE0003B1B79 /* TimeZone.swift */ = {isa = PBXFileReference; lastKnownFileType = sourcecode.swift; path = TimeZone.swift; sourceTree = "<group>"; };
		AA87BE7021D03D1600EF404A /* NSAppleScript.swift */ = {isa = PBXFileReference; lastKnownFileType = sourcecode.swift; path = NSAppleScript.swift; sourceTree = "<group>"; };
		AA912C1A1EE96CF2002DD639 /* FoundationKit.framework */ = {isa = PBXFileReference; explicitFileType = wrapper.framework; includeInIndex = 0; path = FoundationKit.framework; sourceTree = BUILT_PRODUCTS_DIR; };
		AAA03AB11EBD23200005BF72 /* MeasurementFormatter.swift */ = {isa = PBXFileReference; fileEncoding = 4; lastKnownFileType = sourcecode.swift; path = MeasurementFormatter.swift; sourceTree = "<group>"; };
		AAB638781EBBDD28008365EB /* URL.swift */ = {isa = PBXFileReference; fileEncoding = 4; lastKnownFileType = sourcecode.swift; path = URL.swift; sourceTree = "<group>"; };
		AABBD9A61E5761D000AE5B46 /* Info.plist */ = {isa = PBXFileReference; fileEncoding = 4; lastKnownFileType = text.plist.xml; path = Info.plist; sourceTree = "<group>"; };
		AABBD9A71E5761D000AE5B46 /* String.swift */ = {isa = PBXFileReference; fileEncoding = 4; lastKnownFileType = sourcecode.swift; path = String.swift; sourceTree = "<group>"; };
		AABE807625AA056300388E6B /* KeyPath.swift */ = {isa = PBXFileReference; lastKnownFileType = sourcecode.swift; path = KeyPath.swift; sourceTree = "<group>"; };
		AABFE0BC1F9A494200F1C1B2 /* Data.swift */ = {isa = PBXFileReference; lastKnownFileType = sourcecode.swift; path = Data.swift; sourceTree = "<group>"; };
		AAC333402449067200A0164D /* FloatingPoint.swift */ = {isa = PBXFileReference; lastKnownFileType = sourcecode.swift; path = FloatingPoint.swift; sourceTree = "<group>"; };
		AAC333422449073200A0164D /* BinaryInteger.swift */ = {isa = PBXFileReference; lastKnownFileType = sourcecode.swift; path = BinaryInteger.swift; sourceTree = "<group>"; };
		AAED33872449F28800C82F4B /* Data+Hex.swift */ = {isa = PBXFileReference; lastKnownFileType = sourcecode.swift; path = "Data+Hex.swift"; sourceTree = "<group>"; };
		AAEF0C141E757A3500CF4C6A /* Double.swift */ = {isa = PBXFileReference; fileEncoding = 4; lastKnownFileType = sourcecode.swift; path = Double.swift; sourceTree = "<group>"; };
		AAF8C58022AEE61E00FDA6B0 /* Dictionary.swift */ = {isa = PBXFileReference; fileEncoding = 4; lastKnownFileType = sourcecode.swift; path = Dictionary.swift; sourceTree = "<group>"; };
		AAFA3E6324681E6B00F90BF7 /* NSItemProvider.swift */ = {isa = PBXFileReference; lastKnownFileType = sourcecode.swift; path = NSItemProvider.swift; sourceTree = "<group>"; };
/* End PBXFileReference section */

/* Begin PBXFrameworksBuildPhase section */
		AA2563C71E57639E0037CBED /* Frameworks */ = {
			isa = PBXFrameworksBuildPhase;
			buildActionMask = 2147483647;
			files = (
			);
			runOnlyForDeploymentPostprocessing = 0;
		};
		AA4088FE259DD45B00C3C4E1 /* Frameworks */ = {
			isa = PBXFrameworksBuildPhase;
			buildActionMask = 2147483647;
			files = (
			);
			runOnlyForDeploymentPostprocessing = 0;
		};
		AA912C161EE96CF2002DD639 /* Frameworks */ = {
			isa = PBXFrameworksBuildPhase;
			buildActionMask = 2147483647;
			files = (
			);
			runOnlyForDeploymentPostprocessing = 0;
		};
/* End PBXFrameworksBuildPhase section */

/* Begin PBXGroup section */
		AABB23161E2E7AFE007B7F68 = {
			isa = PBXGroup;
			children = (
				AABBD9A51E5761D000AE5B46 /* FoundationKit */,
				AABB23211E2E7AFE007B7F68 /* Products */,
			);
			sourceTree = "<group>";
		};
		AABB23211E2E7AFE007B7F68 /* Products */ = {
			isa = PBXGroup;
			children = (
				AA2563CF1E57639E0037CBED /* FoundationKit.framework */,
				AA912C1A1EE96CF2002DD639 /* FoundationKit.framework */,
				AA408901259DD45B00C3C4E1 /* FoundationKitMac.framework */,
			);
			name = Products;
			sourceTree = "<group>";
		};
		AABBD9A51E5761D000AE5B46 /* FoundationKit */ = {
			isa = PBXGroup;
			children = (
				AAC333422449073200A0164D /* BinaryInteger.swift */,
				AA4E843C2138505400E6DCFC /* Bundle.swift */,
				AA451704245B5446008B79BC /* CaseIterable.swift */,
				AA0D3D691EA039FD00FB7EBD /* Collection.swift */,
				AA2565A41E57AA7C0037CBED /* CommandLine.swift */,
				AABFE0BC1F9A494200F1C1B2 /* Data.swift */,
				AAED33872449F28800C82F4B /* Data+Hex.swift */,
				AA6D9AF72342AB3C007A676D /* Date.swift */,
				AAF8C58022AEE61E00FDA6B0 /* Dictionary.swift */,
				AA50783E25A3346300B5A2EB /* DispatchSemaphore.swift */,
				AAEF0C141E757A3500CF4C6A /* Double.swift */,
				AA0D3D671EA033B700FB7EBD /* Error.swift */,
				AA4F54CC1ED8BCD7000C1333 /* FileManager.swift */,
				AAC333402449067200A0164D /* FloatingPoint.swift */,
				AABE807625AA056300388E6B /* KeyPath.swift */,
				AAA03AB11EBD23200005BF72 /* MeasurementFormatter.swift */,
				AA87BE7021D03D1600EF404A /* NSAppleScript.swift */,
				AAFA3E6324681E6B00F90BF7 /* NSItemProvider.swift */,
				AA640564207195EE00F17D45 /* Process.swift */,
				AA111F73225AB2AA00F3A9BB /* ProcessInfo.swift */,
				AA72A227241319170076E287 /* RunLoop.swift */,
				AABBD9A71E5761D000AE5B46 /* String.swift */,
				AA452386250787BE00A5B986 /* Thread.swift */,
				AA75EF53245C9BE0003B1B79 /* TimeZone.swift */,
				AA441EC0260A028E008D3328 /* UnitConverterReciprocal.swift */,
				AA441EB1260A027C008D3328 /* UnitTemperature.swift */,
				AAB638781EBBDD28008365EB /* URL.swift */,
				AA1F4CAF268B364A00E196E1 /* URLResponse.swift */,
				AA4F54791ED8A06D000C1333 /* UserDefaults.swift */,
				AA72432121812A6600084F58 /* UUID.swift */,
				AABBD9A61E5761D000AE5B46 /* Info.plist */,
			);
			path = FoundationKit;
			sourceTree = "<group>";
		};
/* End PBXGroup section */

/* Begin PBXHeadersBuildPhase section */
		AA2563C81E57639E0037CBED /* Headers */ = {
			isa = PBXHeadersBuildPhase;
			buildActionMask = 2147483647;
			files = (
			);
			runOnlyForDeploymentPostprocessing = 0;
		};
		AA4088FC259DD45B00C3C4E1 /* Headers */ = {
			isa = PBXHeadersBuildPhase;
			buildActionMask = 2147483647;
			files = (
			);
			runOnlyForDeploymentPostprocessing = 0;
		};
		AA912C171EE96CF2002DD639 /* Headers */ = {
			isa = PBXHeadersBuildPhase;
			buildActionMask = 2147483647;
			files = (
			);
			runOnlyForDeploymentPostprocessing = 0;
		};
/* End PBXHeadersBuildPhase section */

/* Begin PBXNativeTarget section */
		AA2563C41E57639E0037CBED /* FoundationKit */ = {
			isa = PBXNativeTarget;
			buildConfigurationList = AA2563CC1E57639E0037CBED /* Build configuration list for PBXNativeTarget "FoundationKit" */;
			buildPhases = (
				AA2563C51E57639E0037CBED /* Sources */,
				AA2563C71E57639E0037CBED /* Frameworks */,
				AA2563C81E57639E0037CBED /* Headers */,
				AA2563C91E57639E0037CBED /* Resources */,
			);
			buildRules = (
			);
			dependencies = (
			);
			name = FoundationKit;
			productName = LoggerKit;
			productReference = AA2563CF1E57639E0037CBED /* FoundationKit.framework */;
			productType = "com.apple.product-type.framework";
		};
		AA408900259DD45B00C3C4E1 /* FoundationKitMac */ = {
			isa = PBXNativeTarget;
			buildConfigurationList = AA408906259DD45B00C3C4E1 /* Build configuration list for PBXNativeTarget "FoundationKitMac" */;
			buildPhases = (
				AA4088FC259DD45B00C3C4E1 /* Headers */,
				AA4088FD259DD45B00C3C4E1 /* Sources */,
				AA4088FE259DD45B00C3C4E1 /* Frameworks */,
				AA4088FF259DD45B00C3C4E1 /* Resources */,
			);
			buildRules = (
			);
			dependencies = (
			);
			name = FoundationKitMac;
			productName = FoundationKitMac;
			productReference = AA408901259DD45B00C3C4E1 /* FoundationKitMac.framework */;
			productType = "com.apple.product-type.framework";
		};
		AA912C191EE96CF2002DD639 /* FoundationKitWatch */ = {
			isa = PBXNativeTarget;
			buildConfigurationList = AA912C211EE96CF2002DD639 /* Build configuration list for PBXNativeTarget "FoundationKitWatch" */;
			buildPhases = (
				AA912C151EE96CF2002DD639 /* Sources */,
				AA912C161EE96CF2002DD639 /* Frameworks */,
				AA912C171EE96CF2002DD639 /* Headers */,
				AA912C181EE96CF2002DD639 /* Resources */,
			);
			buildRules = (
			);
			dependencies = (
			);
			name = FoundationKitWatch;
			productName = FoundationKitWatch;
			productReference = AA912C1A1EE96CF2002DD639 /* FoundationKit.framework */;
			productType = "com.apple.product-type.framework";
		};
/* End PBXNativeTarget section */

/* Begin PBXProject section */
		AABB23171E2E7AFE007B7F68 /* Project object */ = {
			isa = PBXProject;
			attributes = {
				LastSwiftUpdateCheck = 0900;
				LastUpgradeCheck = 1240;
				ORGANIZATIONNAME = "Pedro José Pereira Vieito";
				TargetAttributes = {
					AA2563C41E57639E0037CBED = {
						LastSwiftMigration = 1020;
						ProvisioningStyle = Automatic;
					};
					AA408900259DD45B00C3C4E1 = {
						CreatedOnToolsVersion = 12.3;
						ProvisioningStyle = Automatic;
					};
					AA912C191EE96CF2002DD639 = {
						CreatedOnToolsVersion = 9.0;
						LastSwiftMigration = 1020;
						ProvisioningStyle = Automatic;
					};
				};
			};
			buildConfigurationList = AABB231A1E2E7AFE007B7F68 /* Build configuration list for PBXProject "FoundationKit" */;
			compatibilityVersion = "Xcode 3.2";
			developmentRegion = en;
			hasScannedForEncodings = 0;
			knownRegions = (
				en,
				Base,
			);
			mainGroup = AABB23161E2E7AFE007B7F68;
			productRefGroup = AABB23211E2E7AFE007B7F68 /* Products */;
			projectDirPath = "";
			projectRoot = "";
			targets = (
				AA2563C41E57639E0037CBED /* FoundationKit */,
				AA408900259DD45B00C3C4E1 /* FoundationKitMac */,
				AA912C191EE96CF2002DD639 /* FoundationKitWatch */,
			);
		};
/* End PBXProject section */

/* Begin PBXResourcesBuildPhase section */
		AA2563C91E57639E0037CBED /* Resources */ = {
			isa = PBXResourcesBuildPhase;
			buildActionMask = 2147483647;
			files = (
			);
			runOnlyForDeploymentPostprocessing = 0;
		};
		AA4088FF259DD45B00C3C4E1 /* Resources */ = {
			isa = PBXResourcesBuildPhase;
			buildActionMask = 2147483647;
			files = (
			);
			runOnlyForDeploymentPostprocessing = 0;
		};
		AA912C181EE96CF2002DD639 /* Resources */ = {
			isa = PBXResourcesBuildPhase;
			buildActionMask = 2147483647;
			files = (
			);
			runOnlyForDeploymentPostprocessing = 0;
		};
/* End PBXResourcesBuildPhase section */

/* Begin PBXSourcesBuildPhase section */
		AA2563C51E57639E0037CBED /* Sources */ = {
			isa = PBXSourcesBuildPhase;
			buildActionMask = 2147483647;
			files = (
				AAC333432449073200A0164D /* BinaryInteger.swift in Sources */,
				AAC333412449067200A0164D /* FloatingPoint.swift in Sources */,
				AA1F4CB0268B364A00E196E1 /* URLResponse.swift in Sources */,
				AA50783F25A3346300B5A2EB /* DispatchSemaphore.swift in Sources */,
				AA72432221812A6600084F58 /* UUID.swift in Sources */,
				AA0D3D681EA033B700FB7EBD /* Error.swift in Sources */,
				AA451705245B5446008B79BC /* CaseIterable.swift in Sources */,
				AA640565207195EE00F17D45 /* Process.swift in Sources */,
				AA4F547A1ED8A06D000C1333 /* UserDefaults.swift in Sources */,
				AA0D3D6A1EA039FD00FB7EBD /* Collection.swift in Sources */,
				AA2563C61E57639E0037CBED /* String.swift in Sources */,
				AAEF0C151E757A3500CF4C6A /* Double.swift in Sources */,
				AA6D9AF82342AB3C007A676D /* Date.swift in Sources */,
				AABE807725AA056300388E6B /* KeyPath.swift in Sources */,
				AA452387250787BE00A5B986 /* Thread.swift in Sources */,
				AA111F74225AB2AA00F3A9BB /* ProcessInfo.swift in Sources */,
				AA72A228241319170076E287 /* RunLoop.swift in Sources */,
				AABFE0BD1F9A494200F1C1B2 /* Data.swift in Sources */,
				AA4F54CD1ED8BCD7000C1333 /* FileManager.swift in Sources */,
				AA441EB2260A027C008D3328 /* UnitTemperature.swift in Sources */,
				AA441EC1260A028E008D3328 /* UnitConverterReciprocal.swift in Sources */,
				AAFA3E6424681E6B00F90BF7 /* NSItemProvider.swift in Sources */,
				AA87BE7121D03DB800EF404A /* NSAppleScript.swift in Sources */,
				AA2565A51E57AA7C0037CBED /* CommandLine.swift in Sources */,
				AA75EF54245C9BE0003B1B79 /* TimeZone.swift in Sources */,
				AA4E843D2138505400E6DCFC /* Bundle.swift in Sources */,
				AAF8C58122AEE61E00FDA6B0 /* Dictionary.swift in Sources */,
				AAED33882449F28800C82F4B /* Data+Hex.swift in Sources */,
				AAA03AB21EBD23200005BF72 /* MeasurementFormatter.swift in Sources */,
				AAB638791EBBDD28008365EB /* URL.swift in Sources */,
			);
			runOnlyForDeploymentPostprocessing = 0;
		};
		AA4088FD259DD45B00C3C4E1 /* Sources */ = {
			isa = PBXSourcesBuildPhase;
			buildActionMask = 2147483647;
			files = (
				AA40891B259DD4A300C3C4E1 /* FloatingPoint.swift in Sources */,
				AA408927259DD4A300C3C4E1 /* BinaryInteger.swift in Sources */,
				AA50784A25A3346B00B5A2EB /* DispatchSemaphore.swift in Sources */,
				AA408922259DD4A300C3C4E1 /* String.swift in Sources */,
				AA40891F259DD4A300C3C4E1 /* Bundle.swift in Sources */,
				AA40891D259DD4A300C3C4E1 /* Date.swift in Sources */,
				AA40892A259DD4A300C3C4E1 /* CaseIterable.swift in Sources */,
				AA40891C259DD4A300C3C4E1 /* ProcessInfo.swift in Sources */,
				AA40892F259DD4A300C3C4E1 /* RunLoop.swift in Sources */,
				AA40892D259DD4A300C3C4E1 /* FileManager.swift in Sources */,
				AA40891A259DD4A300C3C4E1 /* Collection.swift in Sources */,
				AA408929259DD4A300C3C4E1 /* MeasurementFormatter.swift in Sources */,
				AABE807B25AA058000388E6B /* KeyPath.swift in Sources */,
				AA408923259DD4A300C3C4E1 /* NSItemProvider.swift in Sources */,
				AA408918259DD4A300C3C4E1 /* NSAppleScript.swift in Sources */,
				AA40892B259DD4A300C3C4E1 /* Data.swift in Sources */,
				AA408921259DD4A300C3C4E1 /* UUID.swift in Sources */,
				AA40892E259DD4A300C3C4E1 /* UserDefaults.swift in Sources */,
				AA441EB3260A027C008D3328 /* UnitTemperature.swift in Sources */,
				AA441EC2260A028E008D3328 /* UnitConverterReciprocal.swift in Sources */,
				AA408920259DD4A300C3C4E1 /* CommandLine.swift in Sources */,
				AA408925259DD4A300C3C4E1 /* TimeZone.swift in Sources */,
				AA40891E259DD4A300C3C4E1 /* Data+Hex.swift in Sources */,
				AA408924259DD4A300C3C4E1 /* Process.swift in Sources */,
				AA408928259DD4A300C3C4E1 /* Dictionary.swift in Sources */,
				AA408926259DD4A300C3C4E1 /* Double.swift in Sources */,
				AA40892C259DD4A300C3C4E1 /* Thread.swift in Sources */,
				AA408930259DD4A300C3C4E1 /* Error.swift in Sources */,
				AA408919259DD4A300C3C4E1 /* URL.swift in Sources */,
			);
			runOnlyForDeploymentPostprocessing = 0;
		};
		AA912C151EE96CF2002DD639 /* Sources */ = {
			isa = PBXSourcesBuildPhase;
			buildActionMask = 2147483647;
			files = (
				AAF42AFA244D1532008F2603 /* CommandLine.swift in Sources */,
				AAF42AEE244D1532008F2603 /* String.swift in Sources */,
				AA50784E25A3346C00B5A2EB /* DispatchSemaphore.swift in Sources */,
				AAF42AF5244D1532008F2603 /* Data+Hex.swift in Sources */,
				AAF42AF0244D1532008F2603 /* Dictionary.swift in Sources */,
				AAF42AF9244D1532008F2603 /* ProcessInfo.swift in Sources */,
				AAF42AF7244D1532008F2603 /* FileManager.swift in Sources */,
				AAF42B01244D1532008F2603 /* BinaryInteger.swift in Sources */,
				AA4088DF259DD3E700C3C4E1 /* TimeZone.swift in Sources */,
				AAF42AF6244D1532008F2603 /* UserDefaults.swift in Sources */,
				AAF42AEC244D1532008F2603 /* Bundle.swift in Sources */,
				AA4088DE259DD3E700C3C4E1 /* CaseIterable.swift in Sources */,
				AABE807F25AA058100388E6B /* KeyPath.swift in Sources */,
				AAF42AFE244D1532008F2603 /* RunLoop.swift in Sources */,
				AAF42AED244D1532008F2603 /* Date.swift in Sources */,
				AAF42AF1244D1532008F2603 /* Double.swift in Sources */,
				AAF42AF2244D1532008F2603 /* Error.swift in Sources */,
				AA4088DC259DD3E700C3C4E1 /* Thread.swift in Sources */,
				AA441EB4260A027C008D3328 /* UnitTemperature.swift in Sources */,
				AA441EC3260A028E008D3328 /* UnitConverterReciprocal.swift in Sources */,
				AAF42AEF244D1532008F2603 /* URL.swift in Sources */,
				AA4088DD259DD3E700C3C4E1 /* NSItemProvider.swift in Sources */,
				AAF42AFF244D1532008F2603 /* NSAppleScript.swift in Sources */,
				AAF42AF4244D1532008F2603 /* Data.swift in Sources */,
				AAF42AFC244D1532008F2603 /* UUID.swift in Sources */,
				AAF42AF8244D1532008F2603 /* Process.swift in Sources */,
				AAF42B00244D1532008F2603 /* FloatingPoint.swift in Sources */,
				AAF42AF3244D1532008F2603 /* Collection.swift in Sources */,
				AAF42AFB244D1532008F2603 /* MeasurementFormatter.swift in Sources */,
			);
			runOnlyForDeploymentPostprocessing = 0;
		};
/* End PBXSourcesBuildPhase section */

/* Begin XCBuildConfiguration section */
		AA2563CD1E57639E0037CBED /* Debug */ = {
			isa = XCBuildConfiguration;
			buildSettings = {
				APPLICATION_EXTENSION_API_ONLY = YES;
				CLANG_ENABLE_MODULES = YES;
				CLANG_ENABLE_OBJC_WEAK = YES;
				CODE_SIGN_IDENTITY = "";
				CODE_SIGN_STYLE = Automatic;
				COMBINE_HIDPI_IMAGES = YES;
				DEFINES_MODULE = YES;
				DEVELOPMENT_TEAM = "";
				DYLIB_COMPATIBILITY_VERSION = 1;
				DYLIB_CURRENT_VERSION = 2;
				FRAMEWORK_VERSION = A;
				INFOPLIST_FILE = FoundationKit/Info.plist;
				IPHONEOS_DEPLOYMENT_TARGET = 12.0;
				LD_RUNPATH_SEARCH_PATHS = "$(inherited) @executable_path/Frameworks @loader_path/Frameworks";
				PRODUCT_BUNDLE_IDENTIFIER = com.pvieito.FoundationKit;
				PRODUCT_NAME = "$(TARGET_NAME)";
				PROVISIONING_PROFILE_SPECIFIER = "";
				SDKROOT = iphoneos;
				SKIP_INSTALL = YES;
				SUPPORTED_PLATFORMS = "macosx iphoneos iphonesimulator appletvos appletvsimulator";
				SWIFT_OPTIMIZATION_LEVEL = "-Onone";
				SWIFT_VERSION = 5.0;
				TARGETED_DEVICE_FAMILY = "1,2,3";
			};
			name = Debug;
		};
		AA2563CE1E57639E0037CBED /* Release */ = {
			isa = XCBuildConfiguration;
			buildSettings = {
				APPLICATION_EXTENSION_API_ONLY = YES;
				CLANG_ENABLE_MODULES = YES;
				CLANG_ENABLE_OBJC_WEAK = YES;
				CODE_SIGN_IDENTITY = "";
				CODE_SIGN_STYLE = Automatic;
				COMBINE_HIDPI_IMAGES = YES;
				DEFINES_MODULE = YES;
				DEVELOPMENT_TEAM = "";
				DYLIB_COMPATIBILITY_VERSION = 1;
				DYLIB_CURRENT_VERSION = 2;
				FRAMEWORK_VERSION = A;
				INFOPLIST_FILE = FoundationKit/Info.plist;
				IPHONEOS_DEPLOYMENT_TARGET = 12.0;
				LD_RUNPATH_SEARCH_PATHS = "$(inherited) @executable_path/Frameworks @loader_path/Frameworks";
				PRODUCT_BUNDLE_IDENTIFIER = com.pvieito.FoundationKit;
				PRODUCT_NAME = "$(TARGET_NAME)";
				PROVISIONING_PROFILE_SPECIFIER = "";
				SDKROOT = iphoneos;
				SKIP_INSTALL = YES;
				SUPPORTED_PLATFORMS = "macosx iphoneos iphonesimulator appletvos appletvsimulator";
				SWIFT_VERSION = 5.0;
				TARGETED_DEVICE_FAMILY = "1,2,3";
			};
			name = Release;
		};
		AA408907259DD45B00C3C4E1 /* Debug */ = {
			isa = XCBuildConfiguration;
			buildSettings = {
				APPLICATION_EXTENSION_API_ONLY = YES;
				CLANG_ANALYZER_NUMBER_OBJECT_CONVERSION = YES_AGGRESSIVE;
				CLANG_CXX_LANGUAGE_STANDARD = "gnu++14";
				CLANG_ENABLE_OBJC_WEAK = YES;
				CLANG_WARN_UNGUARDED_AVAILABILITY = YES_AGGRESSIVE;
				CODE_SIGN_STYLE = Automatic;
				COMBINE_HIDPI_IMAGES = YES;
				CURRENT_PROJECT_VERSION = 2;
				DEFINES_MODULE = YES;
				DEVELOPMENT_TEAM = "";
				DYLIB_COMPATIBILITY_VERSION = 1;
				DYLIB_CURRENT_VERSION = 1;
				DYLIB_INSTALL_NAME_BASE = "@rpath";
				GCC_C_LANGUAGE_STANDARD = gnu11;
				INFOPLIST_FILE = FoundationKit/Info.plist;
				INSTALL_PATH = "$(LOCAL_LIBRARY_DIR)/Frameworks";
				LD_RUNPATH_SEARCH_PATHS = "$(inherited) @executable_path/../Frameworks @loader_path/Frameworks";
				MTL_ENABLE_DEBUG_INFO = INCLUDE_SOURCE;
				MTL_FAST_MATH = YES;
				PRODUCT_BUNDLE_IDENTIFIER = com.pvieito.FoundationKit;
				PRODUCT_NAME = FoundationKitMac;
				SDKROOT = macosx;
				SKIP_INSTALL = YES;
				SWIFT_VERSION = 5.0;
			};
			name = Debug;
		};
		AA408908259DD45B00C3C4E1 /* Release */ = {
			isa = XCBuildConfiguration;
			buildSettings = {
				APPLICATION_EXTENSION_API_ONLY = YES;
				CLANG_ANALYZER_NUMBER_OBJECT_CONVERSION = YES_AGGRESSIVE;
				CLANG_CXX_LANGUAGE_STANDARD = "gnu++14";
				CLANG_ENABLE_OBJC_WEAK = YES;
				CLANG_WARN_UNGUARDED_AVAILABILITY = YES_AGGRESSIVE;
				CODE_SIGN_STYLE = Automatic;
				COMBINE_HIDPI_IMAGES = YES;
				CURRENT_PROJECT_VERSION = 2;
				DEFINES_MODULE = YES;
				DEVELOPMENT_TEAM = "";
				DYLIB_COMPATIBILITY_VERSION = 1;
				DYLIB_CURRENT_VERSION = 1;
				DYLIB_INSTALL_NAME_BASE = "@rpath";
				GCC_C_LANGUAGE_STANDARD = gnu11;
				INFOPLIST_FILE = FoundationKit/Info.plist;
				INSTALL_PATH = "$(LOCAL_LIBRARY_DIR)/Frameworks";
				LD_RUNPATH_SEARCH_PATHS = "$(inherited) @executable_path/../Frameworks @loader_path/Frameworks";
				MTL_FAST_MATH = YES;
				PRODUCT_BUNDLE_IDENTIFIER = com.pvieito.FoundationKit;
				PRODUCT_NAME = FoundationKitMac;
				SDKROOT = macosx;
				SKIP_INSTALL = YES;
				SWIFT_VERSION = 5.0;
			};
			name = Release;
		};
		AA912C1F1EE96CF2002DD639 /* Debug */ = {
			isa = XCBuildConfiguration;
			buildSettings = {
				APPLICATION_EXTENSION_API_ONLY = YES;
				CLANG_ANALYZER_NUMBER_OBJECT_CONVERSION = YES_AGGRESSIVE;
				CLANG_CXX_LANGUAGE_STANDARD = "gnu++14";
				CLANG_ENABLE_OBJC_WEAK = YES;
				CLANG_WARN_UNGUARDED_AVAILABILITY = YES_AGGRESSIVE;
				CODE_SIGN_IDENTITY = "";
				CODE_SIGN_STYLE = Automatic;
				CURRENT_PROJECT_VERSION = 1;
				DEFINES_MODULE = YES;
				DEVELOPMENT_TEAM = "";
				DYLIB_COMPATIBILITY_VERSION = 1;
				DYLIB_CURRENT_VERSION = 1;
				DYLIB_INSTALL_NAME_BASE = "@rpath";
				GCC_C_LANGUAGE_STANDARD = gnu11;
				INFOPLIST_FILE = FoundationKit/Info.plist;
				INSTALL_PATH = "$(LOCAL_LIBRARY_DIR)/Frameworks";
				LD_RUNPATH_SEARCH_PATHS = "$(inherited) @executable_path/Frameworks @loader_path/Frameworks";
				PRODUCT_BUNDLE_IDENTIFIER = com.pvieito.FoundationKit;
				PRODUCT_NAME = FoundationKit;
				PROVISIONING_PROFILE_SPECIFIER = "";
				SDKROOT = watchos;
				SKIP_INSTALL = YES;
				SWIFT_VERSION = 5.0;
				TARGETED_DEVICE_FAMILY = 4;
			};
			name = Debug;
		};
		AA912C201EE96CF2002DD639 /* Release */ = {
			isa = XCBuildConfiguration;
			buildSettings = {
				APPLICATION_EXTENSION_API_ONLY = YES;
				CLANG_ANALYZER_NUMBER_OBJECT_CONVERSION = YES_AGGRESSIVE;
				CLANG_CXX_LANGUAGE_STANDARD = "gnu++14";
				CLANG_ENABLE_OBJC_WEAK = YES;
				CLANG_WARN_UNGUARDED_AVAILABILITY = YES_AGGRESSIVE;
				CODE_SIGN_IDENTITY = "";
				CODE_SIGN_STYLE = Automatic;
				CURRENT_PROJECT_VERSION = 1;
				DEFINES_MODULE = YES;
				DEVELOPMENT_TEAM = "";
				DYLIB_COMPATIBILITY_VERSION = 1;
				DYLIB_CURRENT_VERSION = 1;
				DYLIB_INSTALL_NAME_BASE = "@rpath";
				GCC_C_LANGUAGE_STANDARD = gnu11;
				INFOPLIST_FILE = FoundationKit/Info.plist;
				INSTALL_PATH = "$(LOCAL_LIBRARY_DIR)/Frameworks";
				LD_RUNPATH_SEARCH_PATHS = "$(inherited) @executable_path/Frameworks @loader_path/Frameworks";
				PRODUCT_BUNDLE_IDENTIFIER = com.pvieito.FoundationKit;
				PRODUCT_NAME = FoundationKit;
				PROVISIONING_PROFILE_SPECIFIER = "";
				SDKROOT = watchos;
				SKIP_INSTALL = YES;
				SWIFT_VERSION = 5.0;
				TARGETED_DEVICE_FAMILY = 4;
				VALIDATE_PRODUCT = YES;
			};
			name = Release;
		};
		AABB23261E2E7AFE007B7F68 /* Debug */ = {
			isa = XCBuildConfiguration;
			buildSettings = {
				ALWAYS_SEARCH_USER_PATHS = NO;
				CLANG_ANALYZER_NONNULL = YES;
				CLANG_CXX_LANGUAGE_STANDARD = "gnu++0x";
				CLANG_CXX_LIBRARY = "libc++";
				CLANG_ENABLE_MODULES = YES;
				CLANG_ENABLE_OBJC_ARC = YES;
				CLANG_WARN_BLOCK_CAPTURE_AUTORELEASING = YES;
				CLANG_WARN_BOOL_CONVERSION = YES;
				CLANG_WARN_COMMA = YES;
				CLANG_WARN_CONSTANT_CONVERSION = YES;
				CLANG_WARN_DEPRECATED_OBJC_IMPLEMENTATIONS = YES;
				CLANG_WARN_DIRECT_OBJC_ISA_USAGE = YES_ERROR;
				CLANG_WARN_DOCUMENTATION_COMMENTS = YES;
				CLANG_WARN_EMPTY_BODY = YES;
				CLANG_WARN_ENUM_CONVERSION = YES;
				CLANG_WARN_INFINITE_RECURSION = YES;
				CLANG_WARN_INT_CONVERSION = YES;
				CLANG_WARN_NON_LITERAL_NULL_CONVERSION = YES;
				CLANG_WARN_OBJC_IMPLICIT_RETAIN_SELF = YES;
				CLANG_WARN_OBJC_LITERAL_CONVERSION = YES;
				CLANG_WARN_OBJC_ROOT_CLASS = YES_ERROR;
				CLANG_WARN_QUOTED_INCLUDE_IN_FRAMEWORK_HEADER = YES;
				CLANG_WARN_RANGE_LOOP_ANALYSIS = YES;
				CLANG_WARN_STRICT_PROTOTYPES = YES;
				CLANG_WARN_SUSPICIOUS_MOVE = YES;
				CLANG_WARN_UNREACHABLE_CODE = YES;
				CLANG_WARN__DUPLICATE_METHOD_MATCH = YES;
				CODE_SIGN_IDENTITY = "";
				COPY_PHASE_STRIP = NO;
				CURRENT_PROJECT_VERSION = 2;
				DEBUG_INFORMATION_FORMAT = dwarf;
				DYLIB_INSTALL_NAME_BASE = "@rpath";
				ENABLE_STRICT_OBJC_MSGSEND = YES;
				ENABLE_TESTABILITY = YES;
				GCC_C_LANGUAGE_STANDARD = gnu99;
				GCC_DYNAMIC_NO_PIC = NO;
				GCC_NO_COMMON_BLOCKS = YES;
				GCC_OPTIMIZATION_LEVEL = 0;
				GCC_PREPROCESSOR_DEFINITIONS = (
					"DEBUG=1",
					"$(inherited)",
				);
				GCC_WARN_64_TO_32_BIT_CONVERSION = YES;
				GCC_WARN_ABOUT_RETURN_TYPE = YES_ERROR;
				GCC_WARN_UNDECLARED_SELECTOR = YES;
				GCC_WARN_UNINITIALIZED_AUTOS = YES_AGGRESSIVE;
				GCC_WARN_UNUSED_FUNCTION = YES;
				GCC_WARN_UNUSED_VARIABLE = YES;
				INFOPLIST_FILE = Info.plist;
				IPHONEOS_DEPLOYMENT_TARGET = 12.0;
				LD_RUNPATH_SEARCH_PATHS = "$(inherited)";
				MACOSX_DEPLOYMENT_TARGET = 10.10;
				MTL_ENABLE_DEBUG_INFO = YES;
				ONLY_ACTIVE_ARCH = YES;
				SWIFT_ACTIVE_COMPILATION_CONDITIONS = DEBUG;
				SWIFT_OPTIMIZATION_LEVEL = "-Onone";
				SWIFT_VERSION = 4.0;
				TARGETED_DEVICE_FAMILY = "1,2,3,4";
				TVOS_DEPLOYMENT_TARGET = 12.0;
				VERSIONING_SYSTEM = "apple-generic";
				VERSION_INFO_PREFIX = "";
				WATCHOS_DEPLOYMENT_TARGET = 2.0;
			};
			name = Debug;
		};
		AABB23271E2E7AFE007B7F68 /* Release */ = {
			isa = XCBuildConfiguration;
			buildSettings = {
				ALWAYS_SEARCH_USER_PATHS = NO;
				CLANG_ANALYZER_NONNULL = YES;
				CLANG_CXX_LANGUAGE_STANDARD = "gnu++0x";
				CLANG_CXX_LIBRARY = "libc++";
				CLANG_ENABLE_MODULES = YES;
				CLANG_ENABLE_OBJC_ARC = YES;
				CLANG_WARN_BLOCK_CAPTURE_AUTORELEASING = YES;
				CLANG_WARN_BOOL_CONVERSION = YES;
				CLANG_WARN_COMMA = YES;
				CLANG_WARN_CONSTANT_CONVERSION = YES;
				CLANG_WARN_DEPRECATED_OBJC_IMPLEMENTATIONS = YES;
				CLANG_WARN_DIRECT_OBJC_ISA_USAGE = YES_ERROR;
				CLANG_WARN_DOCUMENTATION_COMMENTS = YES;
				CLANG_WARN_EMPTY_BODY = YES;
				CLANG_WARN_ENUM_CONVERSION = YES;
				CLANG_WARN_INFINITE_RECURSION = YES;
				CLANG_WARN_INT_CONVERSION = YES;
				CLANG_WARN_NON_LITERAL_NULL_CONVERSION = YES;
				CLANG_WARN_OBJC_IMPLICIT_RETAIN_SELF = YES;
				CLANG_WARN_OBJC_LITERAL_CONVERSION = YES;
				CLANG_WARN_OBJC_ROOT_CLASS = YES_ERROR;
				CLANG_WARN_QUOTED_INCLUDE_IN_FRAMEWORK_HEADER = YES;
				CLANG_WARN_RANGE_LOOP_ANALYSIS = YES;
				CLANG_WARN_STRICT_PROTOTYPES = YES;
				CLANG_WARN_SUSPICIOUS_MOVE = YES;
				CLANG_WARN_UNREACHABLE_CODE = YES;
				CLANG_WARN__DUPLICATE_METHOD_MATCH = YES;
				CODE_SIGN_IDENTITY = "";
				COPY_PHASE_STRIP = NO;
				CURRENT_PROJECT_VERSION = 2;
				DEBUG_INFORMATION_FORMAT = "dwarf-with-dsym";
				DYLIB_INSTALL_NAME_BASE = "@rpath";
				ENABLE_NS_ASSERTIONS = NO;
				ENABLE_STRICT_OBJC_MSGSEND = YES;
				GCC_C_LANGUAGE_STANDARD = gnu99;
				GCC_NO_COMMON_BLOCKS = YES;
				GCC_WARN_64_TO_32_BIT_CONVERSION = YES;
				GCC_WARN_ABOUT_RETURN_TYPE = YES_ERROR;
				GCC_WARN_UNDECLARED_SELECTOR = YES;
				GCC_WARN_UNINITIALIZED_AUTOS = YES_AGGRESSIVE;
				GCC_WARN_UNUSED_FUNCTION = YES;
				GCC_WARN_UNUSED_VARIABLE = YES;
				INFOPLIST_FILE = Info.plist;
				IPHONEOS_DEPLOYMENT_TARGET = 12.0;
				LD_RUNPATH_SEARCH_PATHS = "$(inherited)";
				MACOSX_DEPLOYMENT_TARGET = 10.10;
				MTL_ENABLE_DEBUG_INFO = NO;
				SWIFT_OPTIMIZATION_LEVEL = "-Owholemodule";
				SWIFT_VERSION = 4.0;
				TARGETED_DEVICE_FAMILY = "1,2,3,4";
				TVOS_DEPLOYMENT_TARGET = 12.0;
				VERSIONING_SYSTEM = "apple-generic";
				VERSION_INFO_PREFIX = "";
				WATCHOS_DEPLOYMENT_TARGET = 2.0;
			};
			name = Release;
		};
/* End XCBuildConfiguration section */

/* Begin XCConfigurationList section */
		AA2563CC1E57639E0037CBED /* Build configuration list for PBXNativeTarget "FoundationKit" */ = {
			isa = XCConfigurationList;
			buildConfigurations = (
				AA2563CD1E57639E0037CBED /* Debug */,
				AA2563CE1E57639E0037CBED /* Release */,
			);
			defaultConfigurationIsVisible = 0;
			defaultConfigurationName = Release;
		};
		AA408906259DD45B00C3C4E1 /* Build configuration list for PBXNativeTarget "FoundationKitMac" */ = {
			isa = XCConfigurationList;
			buildConfigurations = (
				AA408907259DD45B00C3C4E1 /* Debug */,
				AA408908259DD45B00C3C4E1 /* Release */,
			);
			defaultConfigurationIsVisible = 0;
			defaultConfigurationName = Release;
		};
		AA912C211EE96CF2002DD639 /* Build configuration list for PBXNativeTarget "FoundationKitWatch" */ = {
			isa = XCConfigurationList;
			buildConfigurations = (
				AA912C1F1EE96CF2002DD639 /* Debug */,
				AA912C201EE96CF2002DD639 /* Release */,
			);
			defaultConfigurationIsVisible = 0;
			defaultConfigurationName = Release;
		};
		AABB231A1E2E7AFE007B7F68 /* Build configuration list for PBXProject "FoundationKit" */ = {
			isa = XCConfigurationList;
			buildConfigurations = (
				AABB23261E2E7AFE007B7F68 /* Debug */,
				AABB23271E2E7AFE007B7F68 /* Release */,
			);
			defaultConfigurationIsVisible = 0;
			defaultConfigurationName = Release;
		};
/* End XCConfigurationList section */
	};
	rootObject = AABB23171E2E7AFE007B7F68 /* Project object */;
}
